
Microsoft Visual Studio Solution File, Format Version 12.00
# Visual Studio Version 17
VisualStudioVersion = 17.2.32505.173
MinimumVisualStudioVersion = 10.0.40219.1
Project("{FAE04EC0-301F-11D3-BF4B-00C04F79EFBC}") = "Q1", "Q1\Q1.csproj", "{CE2006FD-4F08-42FB-98C6-245EFF5A0184}"
EndProject
Global
	GlobalSection(SolutionConfigurationPlatforms) = preSolution
		Debug|Any CPU = Debug|Any CPU
		Release|Any CPU = Release|Any CPU
	EndGlobalSection
	GlobalSection(ProjectConfigurationPlatforms) = postSolution
		{CE2006FD-4F08-42FB-98C6-245EFF5A0184}.Debug|Any CPU.ActiveCfg = Debug|Any CPU
		{CE2006FD-4F08-42FB-98C6-245EFF5A0184}.Debug|Any CPU.Build.0 = Debug|Any CPU
		{CE2006FD-4F08-42FB-98C6-245EFF5A0184}.Release|Any CPU.ActiveCfg = Release|Any CPU
		{CE2006FD-4F08-42FB-98C6-245EFF5A0184}.Release|Any CPU.Build.0 = Release|Any CPU
	EndGlobalSection
	GlobalSection(SolutionProperties) = preSolution
		HideSolutionNode = FALSE
	EndGlobalSection
	GlobalSection(ExtensibilityGlobals) = postSolution
		SolutionGuid = {7C4F70F6-6D54-4273-8CDF-DE0543E2A13D}
	EndGlobalSection
EndGlobal
