
Microsoft Visual Studio Solution File, Format Version 12.00
# Visual Studio Version 17
VisualStudioVersion = 17.2.32505.173
MinimumVisualStudioVersion = 10.0.40219.1
Project("{FAE04EC0-301F-11D3-BF4B-00C04F79EFBC}") = "Tu01Q12", "Tu01Q12\Tu01Q12.csproj", "{AEC64BAD-DEF7-4F53-BF65-51A758C4A59E}"
EndProject
Global
	GlobalSection(SolutionConfigurationPlatforms) = preSolution
		Debug|Any CPU = Debug|Any CPU
		Release|Any CPU = Release|Any CPU
	EndGlobalSection
	GlobalSection(ProjectConfigurationPlatforms) = postSolution
		{AEC64BAD-DEF7-4F53-BF65-51A758C4A59E}.Debug|Any CPU.ActiveCfg = Debug|Any CPU
		{AEC64BAD-DEF7-4F53-BF65-51A758C4A59E}.Debug|Any CPU.Build.0 = Debug|Any CPU
		{AEC64BAD-DEF7-4F53-BF65-51A758C4A59E}.Release|Any CPU.ActiveCfg = Release|Any CPU
		{AEC64BAD-DEF7-4F53-BF65-51A758C4A59E}.Release|Any CPU.Build.0 = Release|Any CPU
	EndGlobalSection
	GlobalSection(SolutionProperties) = preSolution
		HideSolutionNode = FALSE
	EndGlobalSection
	GlobalSection(ExtensibilityGlobals) = postSolution
		SolutionGuid = {F42F7ACA-339F-47E4-9C3F-FF342EEB103C}
	EndGlobalSection
EndGlobal
