
Microsoft Visual Studio Solution File, Format Version 12.00
# Visual Studio Version 17
VisualStudioVersion = 17.2.32505.173
MinimumVisualStudioVersion = 10.0.40219.1
Project("{FAE04EC0-301F-11D3-BF4B-00C04F79EFBC}") = "Tu01Q9", "Tu01Q9\Tu01Q9.csproj", "{BC20CB7F-B7E1-4CDA-A456-C0F5C761D732}"
EndProject
Global
	GlobalSection(SolutionConfigurationPlatforms) = preSolution
		Debug|Any CPU = Debug|Any CPU
		Release|Any CPU = Release|Any CPU
	EndGlobalSection
	GlobalSection(ProjectConfigurationPlatforms) = postSolution
		{BC20CB7F-B7E1-4CDA-A456-C0F5C761D732}.Debug|Any CPU.ActiveCfg = Debug|Any CPU
		{BC20CB7F-B7E1-4CDA-A456-C0F5C761D732}.Debug|Any CPU.Build.0 = Debug|Any CPU
		{BC20CB7F-B7E1-4CDA-A456-C0F5C761D732}.Release|Any CPU.ActiveCfg = Release|Any CPU
		{BC20CB7F-B7E1-4CDA-A456-C0F5C761D732}.Release|Any CPU.Build.0 = Release|Any CPU
	EndGlobalSection
	GlobalSection(SolutionProperties) = preSolution
		HideSolutionNode = FALSE
	EndGlobalSection
	GlobalSection(ExtensibilityGlobals) = postSolution
		SolutionGuid = {B8ECEFD2-444D-4B13-BA73-9B16170BD2FE}
	EndGlobalSection
EndGlobal
