
Microsoft Visual Studio Solution File, Format Version 12.00
# Visual Studio Version 17
VisualStudioVersion = 17.2.32505.173
MinimumVisualStudioVersion = 10.0.40219.1
Project("{FAE04EC0-301F-11D3-BF4B-00C04F79EFBC}") = "Image Viewer", "Image Viewer\Image Viewer.csproj", "{F5738818-5247-4F5A-B8D0-2D1520C7BC11}"
EndProject
Global
	GlobalSection(SolutionConfigurationPlatforms) = preSolution
		Debug|Any CPU = Debug|Any CPU
		Release|Any CPU = Release|Any CPU
	EndGlobalSection
	GlobalSection(ProjectConfigurationPlatforms) = postSolution
		{F5738818-5247-4F5A-B8D0-2D1520C7BC11}.Debug|Any CPU.ActiveCfg = Debug|Any CPU
		{F5738818-5247-4F5A-B8D0-2D1520C7BC11}.Debug|Any CPU.Build.0 = Debug|Any CPU
		{F5738818-5247-4F5A-B8D0-2D1520C7BC11}.Release|Any CPU.ActiveCfg = Release|Any CPU
		{F5738818-5247-4F5A-B8D0-2D1520C7BC11}.Release|Any CPU.Build.0 = Release|Any CPU
	EndGlobalSection
	GlobalSection(SolutionProperties) = preSolution
		HideSolutionNode = FALSE
	EndGlobalSection
	GlobalSection(ExtensibilityGlobals) = postSolution
		SolutionGuid = {9BE5E488-64D4-4023-8E82-71FBE17679BE}
	EndGlobalSection
EndGlobal
