
Microsoft Visual Studio Solution File, Format Version 12.00
# Visual Studio Version 17
VisualStudioVersion = 17.2.32505.173
MinimumVisualStudioVersion = 10.0.40219.1
Project("{FAE04EC0-301F-11D3-BF4B-00C04F79EFBC}") = "Tutorial - Q6", "Tutorial - Q6\Tutorial - Q6.csproj", "{3A6E747D-BE83-4FF2-B04D-F8093EB6A7B8}"
EndProject
Global
	GlobalSection(SolutionConfigurationPlatforms) = preSolution
		Debug|Any CPU = Debug|Any CPU
		Release|Any CPU = Release|Any CPU
	EndGlobalSection
	GlobalSection(ProjectConfigurationPlatforms) = postSolution
		{3A6E747D-BE83-4FF2-B04D-F8093EB6A7B8}.Debug|Any CPU.ActiveCfg = Debug|Any CPU
		{3A6E747D-BE83-4FF2-B04D-F8093EB6A7B8}.Debug|Any CPU.Build.0 = Debug|Any CPU
		{3A6E747D-BE83-4FF2-B04D-F8093EB6A7B8}.Release|Any CPU.ActiveCfg = Release|Any CPU
		{3A6E747D-BE83-4FF2-B04D-F8093EB6A7B8}.Release|Any CPU.Build.0 = Release|Any CPU
	EndGlobalSection
	GlobalSection(SolutionProperties) = preSolution
		HideSolutionNode = FALSE
	EndGlobalSection
	GlobalSection(ExtensibilityGlobals) = postSolution
		SolutionGuid = {EFF6BAB6-6CB6-4BCF-969C-404142B85EF8}
	EndGlobalSection
EndGlobal
