
Microsoft Visual Studio Solution File, Format Version 12.00
# Visual Studio Version 17
VisualStudioVersion = 17.2.32505.173
MinimumVisualStudioVersion = 10.0.40219.1
Project("{FAE04EC0-301F-11D3-BF4B-00C04F79EFBC}") = "Tu01Q15", "Tu01Q15\Tu01Q15.csproj", "{492B4196-BD6A-4093-B4EE-C1D220FF6B5C}"
EndProject
Global
	GlobalSection(SolutionConfigurationPlatforms) = preSolution
		Debug|Any CPU = Debug|Any CPU
		Release|Any CPU = Release|Any CPU
	EndGlobalSection
	GlobalSection(ProjectConfigurationPlatforms) = postSolution
		{492B4196-BD6A-4093-B4EE-C1D220FF6B5C}.Debug|Any CPU.ActiveCfg = Debug|Any CPU
		{492B4196-BD6A-4093-B4EE-C1D220FF6B5C}.Debug|Any CPU.Build.0 = Debug|Any CPU
		{492B4196-BD6A-4093-B4EE-C1D220FF6B5C}.Release|Any CPU.ActiveCfg = Release|Any CPU
		{492B4196-BD6A-4093-B4EE-C1D220FF6B5C}.Release|Any CPU.Build.0 = Release|Any CPU
	EndGlobalSection
	GlobalSection(SolutionProperties) = preSolution
		HideSolutionNode = FALSE
	EndGlobalSection
	GlobalSection(ExtensibilityGlobals) = postSolution
		SolutionGuid = {4AB3AC7E-C361-462A-B2CA-2B0C64947A20}
	EndGlobalSection
EndGlobal
