
Microsoft Visual Studio Solution File, Format Version 12.00
# Visual Studio Version 17
VisualStudioVersion = 17.2.32505.173
MinimumVisualStudioVersion = 10.0.40219.1
Project("{FAE04EC0-301F-11D3-BF4B-00C04F79EFBC}") = "L5", "L5\L5.csproj", "{2767FBED-5318-478B-92B3-20619D7C074D}"
EndProject
Global
	GlobalSection(SolutionConfigurationPlatforms) = preSolution
		Debug|Any CPU = Debug|Any CPU
		Release|Any CPU = Release|Any CPU
	EndGlobalSection
	GlobalSection(ProjectConfigurationPlatforms) = postSolution
		{2767FBED-5318-478B-92B3-20619D7C074D}.Debug|Any CPU.ActiveCfg = Debug|Any CPU
		{2767FBED-5318-478B-92B3-20619D7C074D}.Debug|Any CPU.Build.0 = Debug|Any CPU
		{2767FBED-5318-478B-92B3-20619D7C074D}.Release|Any CPU.ActiveCfg = Release|Any CPU
		{2767FBED-5318-478B-92B3-20619D7C074D}.Release|Any CPU.Build.0 = Release|Any CPU
	EndGlobalSection
	GlobalSection(SolutionProperties) = preSolution
		HideSolutionNode = FALSE
	EndGlobalSection
	GlobalSection(ExtensibilityGlobals) = postSolution
		SolutionGuid = {513D8EB1-6EA8-4FA8-BE4E-DA05B1C16FCD}
	EndGlobalSection
EndGlobal
