
Microsoft Visual Studio Solution File, Format Version 12.00
# Visual Studio Version 17
VisualStudioVersion = 17.2.32505.173
MinimumVisualStudioVersion = 10.0.40219.1
Project("{FAE04EC0-301F-11D3-BF4B-00C04F79EFBC}") = "2nd", "My Second\2nd.csproj", "{1A8478E1-253A-44E8-B4B6-83B97BEFFE80}"
EndProject
Global
	GlobalSection(SolutionConfigurationPlatforms) = preSolution
		Debug|Any CPU = Debug|Any CPU
		Release|Any CPU = Release|Any CPU
	EndGlobalSection
	GlobalSection(ProjectConfigurationPlatforms) = postSolution
		{1A8478E1-253A-44E8-B4B6-83B97BEFFE80}.Debug|Any CPU.ActiveCfg = Debug|Any CPU
		{1A8478E1-253A-44E8-B4B6-83B97BEFFE80}.Debug|Any CPU.Build.0 = Debug|Any CPU
		{1A8478E1-253A-44E8-B4B6-83B97BEFFE80}.Release|Any CPU.ActiveCfg = Release|Any CPU
		{1A8478E1-253A-44E8-B4B6-83B97BEFFE80}.Release|Any CPU.Build.0 = Release|Any CPU
	EndGlobalSection
	GlobalSection(SolutionProperties) = preSolution
		HideSolutionNode = FALSE
	EndGlobalSection
	GlobalSection(ExtensibilityGlobals) = postSolution
		SolutionGuid = {0B5AF8CF-5F8A-4B06-AB75-2749679D6D6E}
	EndGlobalSection
EndGlobal
