
Microsoft Visual Studio Solution File, Format Version 12.00
# Visual Studio Version 17
VisualStudioVersion = 17.2.32505.173
MinimumVisualStudioVersion = 10.0.40219.1
Project("{FAE04EC0-301F-11D3-BF4B-00C04F79EFBC}") = "Q7", "Q7\Q7.csproj", "{629CDACA-DB8E-4BA0-933B-CFDC5D476C47}"
EndProject
Global
	GlobalSection(SolutionConfigurationPlatforms) = preSolution
		Debug|Any CPU = Debug|Any CPU
		Release|Any CPU = Release|Any CPU
	EndGlobalSection
	GlobalSection(ProjectConfigurationPlatforms) = postSolution
		{629CDACA-DB8E-4BA0-933B-CFDC5D476C47}.Debug|Any CPU.ActiveCfg = Debug|Any CPU
		{629CDACA-DB8E-4BA0-933B-CFDC5D476C47}.Debug|Any CPU.Build.0 = Debug|Any CPU
		{629CDACA-DB8E-4BA0-933B-CFDC5D476C47}.Release|Any CPU.ActiveCfg = Release|Any CPU
		{629CDACA-DB8E-4BA0-933B-CFDC5D476C47}.Release|Any CPU.Build.0 = Release|Any CPU
	EndGlobalSection
	GlobalSection(SolutionProperties) = preSolution
		HideSolutionNode = FALSE
	EndGlobalSection
	GlobalSection(ExtensibilityGlobals) = postSolution
		SolutionGuid = {EEBA9F33-20B7-4398-91D1-EB07F099D3DE}
	EndGlobalSection
EndGlobal
