
Microsoft Visual Studio Solution File, Format Version 12.00
# Visual Studio Version 17
VisualStudioVersion = 17.2.32505.173
MinimumVisualStudioVersion = 10.0.40219.1
Project("{FAE04EC0-301F-11D3-BF4B-00C04F79EFBC}") = "Tutorial - Q14", "Tutorial - Q14\Tutorial - Q14.csproj", "{C21FEC4C-6C31-4F42-8C3B-C02CDF8EA58F}"
EndProject
Global
	GlobalSection(SolutionConfigurationPlatforms) = preSolution
		Debug|Any CPU = Debug|Any CPU
		Release|Any CPU = Release|Any CPU
	EndGlobalSection
	GlobalSection(ProjectConfigurationPlatforms) = postSolution
		{C21FEC4C-6C31-4F42-8C3B-C02CDF8EA58F}.Debug|Any CPU.ActiveCfg = Debug|Any CPU
		{C21FEC4C-6C31-4F42-8C3B-C02CDF8EA58F}.Debug|Any CPU.Build.0 = Debug|Any CPU
		{C21FEC4C-6C31-4F42-8C3B-C02CDF8EA58F}.Release|Any CPU.ActiveCfg = Release|Any CPU
		{C21FEC4C-6C31-4F42-8C3B-C02CDF8EA58F}.Release|Any CPU.Build.0 = Release|Any CPU
	EndGlobalSection
	GlobalSection(SolutionProperties) = preSolution
		HideSolutionNode = FALSE
	EndGlobalSection
	GlobalSection(ExtensibilityGlobals) = postSolution
		SolutionGuid = {6AE2FE86-BE3A-4683-A3AB-8FDAFEE618C5}
	EndGlobalSection
EndGlobal
