
Microsoft Visual Studio Solution File, Format Version 12.00
# Visual Studio Version 17
VisualStudioVersion = 17.2.32505.173
MinimumVisualStudioVersion = 10.0.40219.1
Project("{FAE04EC0-301F-11D3-BF4B-00C04F79EFBC}") = "Tu01Q14", "Tu01Q14\Tu01Q14.csproj", "{9057EAED-CAA9-4E0E-8389-012A147EFD0B}"
EndProject
Global
	GlobalSection(SolutionConfigurationPlatforms) = preSolution
		Debug|Any CPU = Debug|Any CPU
		Release|Any CPU = Release|Any CPU
	EndGlobalSection
	GlobalSection(ProjectConfigurationPlatforms) = postSolution
		{9057EAED-CAA9-4E0E-8389-012A147EFD0B}.Debug|Any CPU.ActiveCfg = Debug|Any CPU
		{9057EAED-CAA9-4E0E-8389-012A147EFD0B}.Debug|Any CPU.Build.0 = Debug|Any CPU
		{9057EAED-CAA9-4E0E-8389-012A147EFD0B}.Release|Any CPU.ActiveCfg = Release|Any CPU
		{9057EAED-CAA9-4E0E-8389-012A147EFD0B}.Release|Any CPU.Build.0 = Release|Any CPU
	EndGlobalSection
	GlobalSection(SolutionProperties) = preSolution
		HideSolutionNode = FALSE
	EndGlobalSection
	GlobalSection(ExtensibilityGlobals) = postSolution
		SolutionGuid = {F0D02C98-2AB5-470E-889C-84A254741324}
	EndGlobalSection
EndGlobal
