
Microsoft Visual Studio Solution File, Format Version 12.00
# Visual Studio Version 17
VisualStudioVersion = 17.2.32505.173
MinimumVisualStudioVersion = 10.0.40219.1
Project("{FAE04EC0-301F-11D3-BF4B-00C04F79EFBC}") = "loginForm", "loginForm\loginForm.csproj", "{4E3E7944-ECED-4407-B49F-1A7388307F09}"
EndProject
Global
	GlobalSection(SolutionConfigurationPlatforms) = preSolution
		Debug|Any CPU = Debug|Any CPU
		Release|Any CPU = Release|Any CPU
	EndGlobalSection
	GlobalSection(ProjectConfigurationPlatforms) = postSolution
		{4E3E7944-ECED-4407-B49F-1A7388307F09}.Debug|Any CPU.ActiveCfg = Debug|Any CPU
		{4E3E7944-ECED-4407-B49F-1A7388307F09}.Debug|Any CPU.Build.0 = Debug|Any CPU
		{4E3E7944-ECED-4407-B49F-1A7388307F09}.Release|Any CPU.ActiveCfg = Release|Any CPU
		{4E3E7944-ECED-4407-B49F-1A7388307F09}.Release|Any CPU.Build.0 = Release|Any CPU
	EndGlobalSection
	GlobalSection(SolutionProperties) = preSolution
		HideSolutionNode = FALSE
	EndGlobalSection
	GlobalSection(ExtensibilityGlobals) = postSolution
		SolutionGuid = {8102C690-DE58-42AF-A266-5960291E2D76}
	EndGlobalSection
EndGlobal
