
Microsoft Visual Studio Solution File, Format Version 12.00
# Visual Studio Version 17
VisualStudioVersion = 17.2.32505.173
MinimumVisualStudioVersion = 10.0.40219.1
Project("{FAE04EC0-301F-11D3-BF4B-00C04F79EFBC}") = "Quiz", "Quiz\Quiz.csproj", "{4F814228-27A1-44C2-AD24-BCDF3CB102AA}"
EndProject
Global
	GlobalSection(SolutionConfigurationPlatforms) = preSolution
		Debug|Any CPU = Debug|Any CPU
		Release|Any CPU = Release|Any CPU
	EndGlobalSection
	GlobalSection(ProjectConfigurationPlatforms) = postSolution
		{4F814228-27A1-44C2-AD24-BCDF3CB102AA}.Debug|Any CPU.ActiveCfg = Debug|Any CPU
		{4F814228-27A1-44C2-AD24-BCDF3CB102AA}.Debug|Any CPU.Build.0 = Debug|Any CPU
		{4F814228-27A1-44C2-AD24-BCDF3CB102AA}.Release|Any CPU.ActiveCfg = Release|Any CPU
		{4F814228-27A1-44C2-AD24-BCDF3CB102AA}.Release|Any CPU.Build.0 = Release|Any CPU
	EndGlobalSection
	GlobalSection(SolutionProperties) = preSolution
		HideSolutionNode = FALSE
	EndGlobalSection
	GlobalSection(ExtensibilityGlobals) = postSolution
		SolutionGuid = {D42A885E-03DE-4DD6-84F5-76153D5F9443}
	EndGlobalSection
EndGlobal
