
Microsoft Visual Studio Solution File, Format Version 12.00
# Visual Studio Version 17
VisualStudioVersion = 17.2.32505.173
MinimumVisualStudioVersion = 10.0.40219.1
Project("{FAE04EC0-301F-11D3-BF4B-00C04F79EFBC}") = "WindowsFormsApp1", "WindowsFormsApp1\WindowsFormsApp1.csproj", "{A657BEF1-82FC-41D0-B259-6E4C85C50223}"
EndProject
Global
	GlobalSection(SolutionConfigurationPlatforms) = preSolution
		Debug|Any CPU = Debug|Any CPU
		Release|Any CPU = Release|Any CPU
	EndGlobalSection
	GlobalSection(ProjectConfigurationPlatforms) = postSolution
		{A657BEF1-82FC-41D0-B259-6E4C85C50223}.Debug|Any CPU.ActiveCfg = Debug|Any CPU
		{A657BEF1-82FC-41D0-B259-6E4C85C50223}.Debug|Any CPU.Build.0 = Debug|Any CPU
		{A657BEF1-82FC-41D0-B259-6E4C85C50223}.Release|Any CPU.ActiveCfg = Release|Any CPU
		{A657BEF1-82FC-41D0-B259-6E4C85C50223}.Release|Any CPU.Build.0 = Release|Any CPU
	EndGlobalSection
	GlobalSection(SolutionProperties) = preSolution
		HideSolutionNode = FALSE
	EndGlobalSection
	GlobalSection(ExtensibilityGlobals) = postSolution
		SolutionGuid = {79343D7B-03BC-40FE-8B4D-5AE39CA56C02}
	EndGlobalSection
EndGlobal
