
Microsoft Visual Studio Solution File, Format Version 12.00
# Visual Studio Version 17
VisualStudioVersion = 17.2.32505.173
MinimumVisualStudioVersion = 10.0.40219.1
Project("{FAE04EC0-301F-11D3-BF4B-00C04F79EFBC}") = "New_Form", "New_Form\New_Form.csproj", "{65AA6B13-4D4E-4E59-9835-BDAA96912ECB}"
EndProject
Global
	GlobalSection(SolutionConfigurationPlatforms) = preSolution
		Debug|Any CPU = Debug|Any CPU
		Release|Any CPU = Release|Any CPU
	EndGlobalSection
	GlobalSection(ProjectConfigurationPlatforms) = postSolution
		{65AA6B13-4D4E-4E59-9835-BDAA96912ECB}.Debug|Any CPU.ActiveCfg = Debug|Any CPU
		{65AA6B13-4D4E-4E59-9835-BDAA96912ECB}.Debug|Any CPU.Build.0 = Debug|Any CPU
		{65AA6B13-4D4E-4E59-9835-BDAA96912ECB}.Release|Any CPU.ActiveCfg = Release|Any CPU
		{65AA6B13-4D4E-4E59-9835-BDAA96912ECB}.Release|Any CPU.Build.0 = Release|Any CPU
	EndGlobalSection
	GlobalSection(SolutionProperties) = preSolution
		HideSolutionNode = FALSE
	EndGlobalSection
	GlobalSection(ExtensibilityGlobals) = postSolution
		SolutionGuid = {879D2FFC-9503-4B11-89E5-01B074F45BFE}
	EndGlobalSection
EndGlobal
