
Microsoft Visual Studio Solution File, Format Version 12.00
# Visual Studio Version 17
VisualStudioVersion = 17.2.32505.173
MinimumVisualStudioVersion = 10.0.40219.1
Project("{FAE04EC0-301F-11D3-BF4B-00C04F79EFBC}") = "App - Q5", "App - Q5\App - Q5.csproj", "{4EFC1984-C06F-4D8C-ADED-5859647C6521}"
EndProject
Global
	GlobalSection(SolutionConfigurationPlatforms) = preSolution
		Debug|Any CPU = Debug|Any CPU
		Release|Any CPU = Release|Any CPU
	EndGlobalSection
	GlobalSection(ProjectConfigurationPlatforms) = postSolution
		{4EFC1984-C06F-4D8C-ADED-5859647C6521}.Debug|Any CPU.ActiveCfg = Debug|Any CPU
		{4EFC1984-C06F-4D8C-ADED-5859647C6521}.Debug|Any CPU.Build.0 = Debug|Any CPU
		{4EFC1984-C06F-4D8C-ADED-5859647C6521}.Release|Any CPU.ActiveCfg = Release|Any CPU
		{4EFC1984-C06F-4D8C-ADED-5859647C6521}.Release|Any CPU.Build.0 = Release|Any CPU
	EndGlobalSection
	GlobalSection(SolutionProperties) = preSolution
		HideSolutionNode = FALSE
	EndGlobalSection
	GlobalSection(ExtensibilityGlobals) = postSolution
		SolutionGuid = {89EF0414-050A-4C53-85AB-CF939644F27A}
	EndGlobalSection
EndGlobal
