
Microsoft Visual Studio Solution File, Format Version 12.00
# Visual Studio Version 17
VisualStudioVersion = 17.2.32505.173
MinimumVisualStudioVersion = 10.0.40219.1
Project("{FAE04EC0-301F-11D3-BF4B-00C04F79EFBC}") = "Tu01Q18", "Tu01Q18\Tu01Q18.csproj", "{BF8B77C2-ECDE-43E9-B015-6D447675559E}"
EndProject
Global
	GlobalSection(SolutionConfigurationPlatforms) = preSolution
		Debug|Any CPU = Debug|Any CPU
		Release|Any CPU = Release|Any CPU
	EndGlobalSection
	GlobalSection(ProjectConfigurationPlatforms) = postSolution
		{BF8B77C2-ECDE-43E9-B015-6D447675559E}.Debug|Any CPU.ActiveCfg = Debug|Any CPU
		{BF8B77C2-ECDE-43E9-B015-6D447675559E}.Debug|Any CPU.Build.0 = Debug|Any CPU
		{BF8B77C2-ECDE-43E9-B015-6D447675559E}.Release|Any CPU.ActiveCfg = Release|Any CPU
		{BF8B77C2-ECDE-43E9-B015-6D447675559E}.Release|Any CPU.Build.0 = Release|Any CPU
	EndGlobalSection
	GlobalSection(SolutionProperties) = preSolution
		HideSolutionNode = FALSE
	EndGlobalSection
	GlobalSection(ExtensibilityGlobals) = postSolution
		SolutionGuid = {5EF43E27-F120-469C-B584-A2A75F5C6F7F}
	EndGlobalSection
EndGlobal
