
Microsoft Visual Studio Solution File, Format Version 12.00
# Visual Studio Version 17
VisualStudioVersion = 17.2.32505.173
MinimumVisualStudioVersion = 10.0.40219.1
Project("{FAE04EC0-301F-11D3-BF4B-00C04F79EFBC}") = "Calculator", "Calculator\Calculator.csproj", "{95257EE4-F643-4130-A738-36E22BF0466A}"
EndProject
Global
	GlobalSection(SolutionConfigurationPlatforms) = preSolution
		Debug|Any CPU = Debug|Any CPU
		Release|Any CPU = Release|Any CPU
	EndGlobalSection
	GlobalSection(ProjectConfigurationPlatforms) = postSolution
		{95257EE4-F643-4130-A738-36E22BF0466A}.Debug|Any CPU.ActiveCfg = Debug|Any CPU
		{95257EE4-F643-4130-A738-36E22BF0466A}.Debug|Any CPU.Build.0 = Debug|Any CPU
		{95257EE4-F643-4130-A738-36E22BF0466A}.Release|Any CPU.ActiveCfg = Release|Any CPU
		{95257EE4-F643-4130-A738-36E22BF0466A}.Release|Any CPU.Build.0 = Release|Any CPU
	EndGlobalSection
	GlobalSection(SolutionProperties) = preSolution
		HideSolutionNode = FALSE
	EndGlobalSection
	GlobalSection(ExtensibilityGlobals) = postSolution
		SolutionGuid = {F0097FFB-9843-4C06-94F6-3076F0D34B8C}
	EndGlobalSection
EndGlobal
