
Microsoft Visual Studio Solution File, Format Version 12.00
# Visual Studio Version 17
VisualStudioVersion = 17.2.32505.173
MinimumVisualStudioVersion = 10.0.40219.1
Project("{FAE04EC0-301F-11D3-BF4B-00C04F79EFBC}") = "ComboBox", "ComboBox\ComboBox.csproj", "{76C7F03F-0F29-457F-97F3-F0CC7EFFD89C}"
EndProject
Global
	GlobalSection(SolutionConfigurationPlatforms) = preSolution
		Debug|Any CPU = Debug|Any CPU
		Release|Any CPU = Release|Any CPU
	EndGlobalSection
	GlobalSection(ProjectConfigurationPlatforms) = postSolution
		{76C7F03F-0F29-457F-97F3-F0CC7EFFD89C}.Debug|Any CPU.ActiveCfg = Debug|Any CPU
		{76C7F03F-0F29-457F-97F3-F0CC7EFFD89C}.Debug|Any CPU.Build.0 = Debug|Any CPU
		{76C7F03F-0F29-457F-97F3-F0CC7EFFD89C}.Release|Any CPU.ActiveCfg = Release|Any CPU
		{76C7F03F-0F29-457F-97F3-F0CC7EFFD89C}.Release|Any CPU.Build.0 = Release|Any CPU
	EndGlobalSection
	GlobalSection(SolutionProperties) = preSolution
		HideSolutionNode = FALSE
	EndGlobalSection
	GlobalSection(ExtensibilityGlobals) = postSolution
		SolutionGuid = {3692A1FC-132D-4305-B727-446D085CAE6F}
	EndGlobalSection
EndGlobal
