
Microsoft Visual Studio Solution File, Format Version 12.00
# Visual Studio Version 17
VisualStudioVersion = 17.2.32505.173
MinimumVisualStudioVersion = 10.0.40219.1
Project("{FAE04EC0-301F-11D3-BF4B-00C04F79EFBC}") = "Menu_Strip", "Menu_Strip\Menu_Strip.csproj", "{93169371-B41A-4E3A-8981-4CD79AE1506B}"
EndProject
Global
	GlobalSection(SolutionConfigurationPlatforms) = preSolution
		Debug|Any CPU = Debug|Any CPU
		Release|Any CPU = Release|Any CPU
	EndGlobalSection
	GlobalSection(ProjectConfigurationPlatforms) = postSolution
		{93169371-B41A-4E3A-8981-4CD79AE1506B}.Debug|Any CPU.ActiveCfg = Debug|Any CPU
		{93169371-B41A-4E3A-8981-4CD79AE1506B}.Debug|Any CPU.Build.0 = Debug|Any CPU
		{93169371-B41A-4E3A-8981-4CD79AE1506B}.Release|Any CPU.ActiveCfg = Release|Any CPU
		{93169371-B41A-4E3A-8981-4CD79AE1506B}.Release|Any CPU.Build.0 = Release|Any CPU
	EndGlobalSection
	GlobalSection(SolutionProperties) = preSolution
		HideSolutionNode = FALSE
	EndGlobalSection
	GlobalSection(ExtensibilityGlobals) = postSolution
		SolutionGuid = {70011EDE-D28B-43C3-9736-5FDB0F0DE944}
	EndGlobalSection
EndGlobal
