
Microsoft Visual Studio Solution File, Format Version 12.00
# Visual Studio Version 17
VisualStudioVersion = 17.2.32505.173
MinimumVisualStudioVersion = 10.0.40219.1
Project("{FAE04EC0-301F-11D3-BF4B-00C04F79EFBC}") = "Q22", "Q22\Q22.csproj", "{E7904A1A-6641-466E-A95E-184181AEFC19}"
EndProject
Global
	GlobalSection(SolutionConfigurationPlatforms) = preSolution
		Debug|Any CPU = Debug|Any CPU
		Release|Any CPU = Release|Any CPU
	EndGlobalSection
	GlobalSection(ProjectConfigurationPlatforms) = postSolution
		{E7904A1A-6641-466E-A95E-184181AEFC19}.Debug|Any CPU.ActiveCfg = Debug|Any CPU
		{E7904A1A-6641-466E-A95E-184181AEFC19}.Debug|Any CPU.Build.0 = Debug|Any CPU
		{E7904A1A-6641-466E-A95E-184181AEFC19}.Release|Any CPU.ActiveCfg = Release|Any CPU
		{E7904A1A-6641-466E-A95E-184181AEFC19}.Release|Any CPU.Build.0 = Release|Any CPU
	EndGlobalSection
	GlobalSection(SolutionProperties) = preSolution
		HideSolutionNode = FALSE
	EndGlobalSection
	GlobalSection(ExtensibilityGlobals) = postSolution
		SolutionGuid = {1EF7A9F0-764B-400C-9861-D35AFA33F657}
	EndGlobalSection
EndGlobal
