
Microsoft Visual Studio Solution File, Format Version 12.00
# Visual Studio Version 17
VisualStudioVersion = 17.2.32505.173
MinimumVisualStudioVersion = 10.0.40219.1
Project("{FAE04EC0-301F-11D3-BF4B-00C04F79EFBC}") = "App - Q8", "App - Q8\App - Q8.csproj", "{F5501639-F5E5-4ACB-9C9B-4C3D116C0064}"
EndProject
Global
	GlobalSection(SolutionConfigurationPlatforms) = preSolution
		Debug|Any CPU = Debug|Any CPU
		Release|Any CPU = Release|Any CPU
	EndGlobalSection
	GlobalSection(ProjectConfigurationPlatforms) = postSolution
		{F5501639-F5E5-4ACB-9C9B-4C3D116C0064}.Debug|Any CPU.ActiveCfg = Debug|Any CPU
		{F5501639-F5E5-4ACB-9C9B-4C3D116C0064}.Debug|Any CPU.Build.0 = Debug|Any CPU
		{F5501639-F5E5-4ACB-9C9B-4C3D116C0064}.Release|Any CPU.ActiveCfg = Release|Any CPU
		{F5501639-F5E5-4ACB-9C9B-4C3D116C0064}.Release|Any CPU.Build.0 = Release|Any CPU
	EndGlobalSection
	GlobalSection(SolutionProperties) = preSolution
		HideSolutionNode = FALSE
	EndGlobalSection
	GlobalSection(ExtensibilityGlobals) = postSolution
		SolutionGuid = {1DF30243-471A-4F9E-9432-1CBF9BC2C10A}
	EndGlobalSection
EndGlobal
