
Microsoft Visual Studio Solution File, Format Version 12.00
# Visual Studio Version 17
VisualStudioVersion = 17.14.36408.4
MinimumVisualStudioVersion = 10.0.40219.1
Project("{FAE04EC0-301F-11D3-BF4B-00C04F79EFBC}") = "Temperature Average", "form8\Temperature Average.csproj", "{E379E2FB-E66B-4300-BF44-67DFB5FD401C}"
EndProject
Global
	GlobalSection(SolutionConfigurationPlatforms) = preSolution
		Debug|Any CPU = Debug|Any CPU
		Release|Any CPU = Release|Any CPU
	EndGlobalSection
	GlobalSection(ProjectConfigurationPlatforms) = postSolution
		{E379E2FB-E66B-4300-BF44-67DFB5FD401C}.Debug|Any CPU.ActiveCfg = Debug|Any CPU
		{E379E2FB-E66B-4300-BF44-67DFB5FD401C}.Debug|Any CPU.Build.0 = Debug|Any CPU
		{E379E2FB-E66B-4300-BF44-67DFB5FD401C}.Release|Any CPU.ActiveCfg = Release|Any CPU
		{E379E2FB-E66B-4300-BF44-67DFB5FD401C}.Release|Any CPU.Build.0 = Release|Any CPU
	EndGlobalSection
	GlobalSection(SolutionProperties) = preSolution
		HideSolutionNode = FALSE
	EndGlobalSection
	GlobalSection(ExtensibilityGlobals) = postSolution
		SolutionGuid = {6F279A84-B213-4C0A-AAF5-C9170B874B07}
	EndGlobalSection
EndGlobal
